{
  "name": "booth-helper",
  "version": "1.0.0",
  "lockfileVersion": 3,
  "requires": true,
  "packages": {
    "": {
      "name": "booth-helper",
      "version": "1.0.0",
      "license": "ISC",
      "dependencies": {
        "booth-extension-builder": "file:../booth-extension-builder",
        "preact": "^10.28.4"
      },
      "devDependencies": {
        "@types/react": "^19.2.14"
      }
    },
    "../booth-extension-builder": {
      "version": "1.0.0",
      "license": "ISC",
      "dependencies": {
        "arktype": "^2.1.29",
        "esbuild": "^0.27.3",
        "esbuild-sass-plugin": "^3.6.0",
        "listr2": "^10.1.1",
        "picocolors": "^1.1.1",
        "tsdown": "^0.21.0-beta.2"
      },
      "bin": {
        "booth-extension-builder": "dist/main.cjs"
      },
      "devDependencies": {
        "@trivago/prettier-plugin-sort-imports": "^6.0.2",
        "@types/node": "^25.3.3"
      }
    },
    "node_modules/@types/react": {
      "version": "19.2.14",
      "resolved": "https://registry.npmjs.org/@types/react/-/react-19.2.14.tgz",
      "integrity": "sha512-ilcTH/UniCkMdtexkoCN0bI7pMcJDvmQFPvuPvmEaYA/NSfFTAgdUSLAoVjaRJm7+6PvcM+q1zYOwS4wTYMF9w==",
      "dev": true,
      "license": "MIT",
      "dependencies": {
        "csstype": "^3.2.2"
      }
    },
    "node_modules/booth-extension-builder": {
      "resolved": "../booth-extension-builder",
      "link": true
    },
    "node_modules/csstype": {
      "version": "3.2.3",
      "resolved": "https://registry.npmjs.org/csstype/-/csstype-3.2.3.tgz",
      "integrity": "sha512-z1HGKcYy2xA8AGQfwrn0PAy+PB7X/GSj3UVJW9qKyn43xWa+gl5nXmU4qqLMRzWVLFC8KusUX8T/0kCiOYpAIQ==",
      "dev": true,
      "license": "MIT"
    },
    "node_modules/preact": {
      "version": "10.28.4",
      "resolved": "https://registry.npmjs.org/preact/-/preact-10.28.4.tgz",
      "integrity": "sha512-uKFfOHWuSNpRFVTnljsCluEFq57OKT+0QdOiQo8XWnQ/pSvg7OpX5eNOejELXJMWy+BwM2nobz0FkvzmnpCNsQ==",
      "license": "MIT",
      "funding": {
        "type": "opencollective",
        "url": "https://opencollective.com/preact"
      }
    }
  }
}
